github.com/erikbryant/util-golang v0.0.13 h1:3n4o5+GW95KU7io/fSiW2EIw2dfT5SL68POo9B6lQ34=
github.com/erikbryant/util-golang v0.0.13/go.mod h1:bejdhk1CZnWwcoUErT7fi2k97yYkLxj48aYcCgOqpGw=
github.com/erikbryant/web v0.8.0 h1:2AKBweydq8P6Xu6hOakK7QXTKQHVPORoWj5rV9NOvVI=
github.com/erikbryant/web v0.8.0/go.mod h1:2RmWHCj2fNhQHSt8VO5e91EBf2flEBGGxQTiYhROcBo=
